
Microsoft Visual Studio Solution File, Format Version 12.00
# Visual Studio Version 17
VisualStudioVersion = 17.4.33213.308
MinimumVisualStudioVersion = 10.0.40219.1
Project("{8BC9CEB8-8B4A-11D0-8D11-00A0C91BC942}") = "Date类重载实现", "Date类重载实现.vcxproj", "{5DEF50CF-6E58-4202-883B-4FAD0B80036E}"
EndProject
Global
	GlobalSection(SolutionConfigurationPlatforms) = preSolution
		Debug|x64 = Debug|x64
		Debug|x86 = Debug|x86
		Release|x64 = Release|x64
		Release|x86 = Release|x86
	EndGlobalSection
	GlobalSection(ProjectConfigurationPlatforms) = postSolution
		{5DEF50CF-6E58-4202-883B-4FAD0B80036E}.Debug|x64.ActiveCfg = Debug|x64
		{5DEF50CF-6E58-4202-883B-4FAD0B80036E}.Debug|x64.Build.0 = Debug|x64
		{5DEF50CF-6E58-4202-883B-4FAD0B80036E}.Debug|x86.ActiveCfg = Debug|Win32
		{5DEF50CF-6E58-4202-883B-4FAD0B80036E}.Debug|x86.Build.0 = Debug|Win32
		{5DEF50CF-6E58-4202-883B-4FAD0B80036E}.Release|x64.ActiveCfg = Release|x64
		{5DEF50CF-6E58-4202-883B-4FAD0B80036E}.Release|x64.Build.0 = Release|x64
		{5DEF50CF-6E58-4202-883B-4FAD0B80036E}.Release|x86.ActiveCfg = Release|Win32
		{5DEF50CF-6E58-4202-883B-4FAD0B80036E}.Release|x86.Build.0 = Release|Win32
	EndGlobalSection
	GlobalSection(SolutionProperties) = preSolution
		HideSolutionNode = FALSE
	EndGlobalSection
	GlobalSection(ExtensibilityGlobals) = postSolution
		SolutionGuid = {4468DA24-42F9-4529-B78D-8495A5CED611}
	EndGlobalSection
EndGlobal
